
Microsoft Visual Studio Solution File, Format Version 12.00
# Visual Studio 15
VisualStudioVersion = 15.0.28307.645
MinimumVisualStudioVersion = 10.0.40219.1
Project("{FAE04EC0-301F-11D3-BF4B-00C04F79EFBC}") = "checkergame", "checkergame\checkergame.csproj", "{BFA63853-67ED-493E-8AFF-54670741E0CB}"
EndProject
Global
	GlobalSection(SolutionConfigurationPlatforms) = preSolution
		Debug|Any CPU = Debug|Any CPU
		Release|Any CPU = Release|Any CPU
	EndGlobalSection
	GlobalSection(ProjectConfigurationPlatforms) = postSolution
		{BFA63853-67ED-493E-8AFF-54670741E0CB}.Debug|Any CPU.ActiveCfg = Debug|Any CPU
		{BFA63853-67ED-493E-8AFF-54670741E0CB}.Debug|Any CPU.Build.0 = Debug|Any CPU
		{BFA63853-67ED-493E-8AFF-54670741E0CB}.Release|Any CPU.ActiveCfg = Release|Any CPU
		{BFA63853-67ED-493E-8AFF-54670741E0CB}.Release|Any CPU.Build.0 = Release|Any CPU
	EndGlobalSection
	GlobalSection(SolutionProperties) = preSolution
		HideSolutionNode = FALSE
	EndGlobalSection
	GlobalSection(ExtensibilityGlobals) = postSolution
		SolutionGuid = {9A94F3CB-A5E5-4CDC-AF17-431D755EB250}
	EndGlobalSection
EndGlobal
